// !$*UTF8*$!
{
	archiveVersion = 1;
	classes = {
	};
	objectVersion = 48;
	objects = {

/* Begin PBXBuildFile section */
		D0F6147821023E49001795A2 /* AppDelegate.swift in Sources */ = {isa = PBXBuildFile; fileRef = D0F6147721023E49001795A2 /* AppDelegate.swift */; };
		D0F6147A21023E49001795A2 /* ViewController.swift in Sources */ = {isa = PBXBuildFile; fileRef = D0F6147921023E49001795A2 /* ViewController.swift */; };
		D0F6147D21023E49001795A2 /* Main.storyboard in Resources */ = {isa = PBXBuildFile; fileRef = D0F6147B21023E49001795A2 /* Main.storyboard */; };
		D0F6147F21023E49001795A2 /* Assets.xcassets in Resources */ = {isa = PBXBuildFile; fileRef = D0F6147E21023E49001795A2 /* Assets.xcassets */; };
		D0F6148221023E49001795A2 /* LaunchScreen.storyboard in Resources */ = {isa = PBXBuildFile; fileRef = D0F6148021023E49001795A2 /* LaunchScreen.storyboard */; };
		D0F6148E21024FB5001795A2 /* CircularImageView.swift in Sources */ = {isa = PBXBuildFile; fileRef = D0F6148D21024FB5001795A2 /* CircularImageView.swift */; };
		D0F6149021024FD3001795A2 /* LoadingView.swift in Sources */ = {isa = PBXBuildFile; fileRef = D0F6148F21024FD3001795A2 /* LoadingView.swift */; };
		D0F6149221024FEF001795A2 /* RoundedEdgeView.swift in Sources */ = {isa = PBXBuildFile; fileRef = D0F6149121024FEF001795A2 /* RoundedEdgeView.swift */; };
		D0F614942102504F001795A2 /* Album.swift in Sources */ = {isa = PBXBuildFile; fileRef = D0F614932102504F001795A2 /* Album.swift */; };
		D0F6149F2102588A001795A2 /* Info.plist in Resources */ = {isa = PBXBuildFile; fileRef = D0F6149E21025889001795A2 /* Info.plist */; };
		D0F614A421025B13001795A2 /* AlbumTableViewCell.swift in Sources */ = {isa = PBXBuildFile; fileRef = D0F614A221025B13001795A2 /* AlbumTableViewCell.swift */; };
		D0F614A521025B13001795A2 /* AlbumTableViewCell.xib in Resources */ = {isa = PBXBuildFile; fileRef = D0F614A321025B13001795A2 /* AlbumTableViewCell.xib */; };
		D0F614AA21025EB6001795A2 /* BaseUrlSession.swift in Sources */ = {isa = PBXBuildFile; fileRef = D0F614A921025EB6001795A2 /* BaseUrlSession.swift */; };
		D0F614AC21025F37001795A2 /* ApiManager.swift in Sources */ = {isa = PBXBuildFile; fileRef = D0F614AB21025F37001795A2 /* ApiManager.swift */; };
		D0F614AE21025F7C001795A2 /* NeededProtocalls.swift in Sources */ = {isa = PBXBuildFile; fileRef = D0F614AD21025F7C001795A2 /* NeededProtocalls.swift */; };
		D0F614B021026FA7001795A2 /* Toast.swift in Sources */ = {isa = PBXBuildFile; fileRef = D0F614AF21026FA7001795A2 /* Toast.swift */; };
		D2A554CB45B7C6476A24EDE5 /* Pods_AlgorithmsTask.framework in Frameworks */ = {isa = PBXBuildFile; fileRef = C5FA5DB1DAE1D75DF37DE399 /* Pods_AlgorithmsTask.framework */; };
/* End PBXBuildFile section */

/* Begin PBXFileReference section */
		8ED1797D0AA0A14B43F381A0 /* Pods-AlgorithmsTask.debug.xcconfig */ = {isa = PBXFileReference; includeInIndex = 1; lastKnownFileType = text.xcconfig; name = "Pods-AlgorithmsTask.debug.xcconfig"; path = "Pods/Target Support Files/Pods-AlgorithmsTask/Pods-AlgorithmsTask.debug.xcconfig"; sourceTree = "<group>"; };
		B3640E1765450CAF9FB45A7C /* Pods-AlgorithmsTask.release.xcconfig */ = {isa = PBXFileReference; includeInIndex = 1; lastKnownFileType = text.xcconfig; name = "Pods-AlgorithmsTask.release.xcconfig"; path = "Pods/Target Support Files/Pods-AlgorithmsTask/Pods-AlgorithmsTask.release.xcconfig"; sourceTree = "<group>"; };
		C5FA5DB1DAE1D75DF37DE399 /* Pods_AlgorithmsTask.framework */ = {isa = PBXFileReference; explicitFileType = wrapper.framework; includeInIndex = 0; path = Pods_AlgorithmsTask.framework; sourceTree = BUILT_PRODUCTS_DIR; };
		D0F6147421023E49001795A2 /* AlgorithmsTask.app */ = {isa = PBXFileReference; explicitFileType = wrapper.application; includeInIndex = 0; path = AlgorithmsTask.app; sourceTree = BUILT_PRODUCTS_DIR; };
		D0F6147721023E49001795A2 /* AppDelegate.swift */ = {isa = PBXFileReference; lastKnownFileType = sourcecode.swift; path = AppDelegate.swift; sourceTree = "<group>"; };
		D0F6147921023E49001795A2 /* ViewController.swift */ = {isa = PBXFileReference; lastKnownFileType = sourcecode.swift; path = ViewController.swift; sourceTree = "<group>"; };
		D0F6147C21023E49001795A2 /* Base */ = {isa = PBXFileReference; lastKnownFileType = file.storyboard; name = Base; path = Base.lproj/Main.storyboard; sourceTree = "<group>"; };
		D0F6147E21023E49001795A2 /* Assets.xcassets */ = {isa = PBXFileReference; lastKnownFileType = folder.assetcatalog; path = Assets.xcassets; sourceTree = "<group>"; };
		D0F6148121023E49001795A2 /* Base */ = {isa = PBXFileReference; lastKnownFileType = file.storyboard; name = Base; path = Base.lproj/LaunchScreen.storyboard; sourceTree = "<group>"; };
		D0F6148D21024FB5001795A2 /* CircularImageView.swift */ = {isa = PBXFileReference; lastKnownFileType = sourcecode.swift; path = CircularImageView.swift; sourceTree = "<group>"; };
		D0F6148F21024FD3001795A2 /* LoadingView.swift */ = {isa = PBXFileReference; lastKnownFileType = sourcecode.swift; path = LoadingView.swift; sourceTree = "<group>"; };
		D0F6149121024FEF001795A2 /* RoundedEdgeView.swift */ = {isa = PBXFileReference; lastKnownFileType = sourcecode.swift; path = RoundedEdgeView.swift; sourceTree = "<group>"; };
		D0F614932102504F001795A2 /* Album.swift */ = {isa = PBXFileReference; lastKnownFileType = sourcecode.swift; path = Album.swift; sourceTree = "<group>"; };
		D0F6149E21025889001795A2 /* Info.plist */ = {isa = PBXFileReference; fileEncoding = 4; lastKnownFileType = text.plist.xml; path = Info.plist; sourceTree = "<group>"; };
		D0F614A221025B13001795A2 /* AlbumTableViewCell.swift */ = {isa = PBXFileReference; lastKnownFileType = sourcecode.swift; path = AlbumTableViewCell.swift; sourceTree = "<group>"; };
		D0F614A321025B13001795A2 /* AlbumTableViewCell.xib */ = {isa = PBXFileReference; lastKnownFileType = file.xib; path = AlbumTableViewCell.xib; sourceTree = "<group>"; };
		D0F614A921025EB6001795A2 /* BaseUrlSession.swift */ = {isa = PBXFileReference; lastKnownFileType = sourcecode.swift; path = BaseUrlSession.swift; sourceTree = "<group>"; };
		D0F614AB21025F37001795A2 /* ApiManager.swift */ = {isa = PBXFileReference; lastKnownFileType = sourcecode.swift; path = ApiManager.swift; sourceTree = "<group>"; };
		D0F614AD21025F7C001795A2 /* NeededProtocalls.swift */ = {isa = PBXFileReference; lastKnownFileType = sourcecode.swift; path = NeededProtocalls.swift; sourceTree = "<group>"; };
		D0F614AF21026FA7001795A2 /* Toast.swift */ = {isa = PBXFileReference; lastKnownFileType = sourcecode.swift; path = Toast.swift; sourceTree = "<group>"; };
/* End PBXFileReference section */

/* Begin PBXFrameworksBuildPhase section */
		D0F6147121023E49001795A2 /* Frameworks */ = {
			isa = PBXFrameworksBuildPhase;
			buildActionMask = 2147483647;
			files = (
				D2A554CB45B7C6476A24EDE5 /* Pods_AlgorithmsTask.framework in Frameworks */,
			);
			runOnlyForDeploymentPostprocessing = 0;
		};
/* End PBXFrameworksBuildPhase section */

/* Begin PBXGroup section */
		6A3E626EDCEEAF6C90AF50AD /* Frameworks */ = {
			isa = PBXGroup;
			children = (
				C5FA5DB1DAE1D75DF37DE399 /* Pods_AlgorithmsTask.framework */,
			);
			name = Frameworks;
			sourceTree = "<group>";
		};
		CAF9E5546D75B5608120A540 /* Pods */ = {
			isa = PBXGroup;
			children = (
				8ED1797D0AA0A14B43F381A0 /* Pods-AlgorithmsTask.debug.xcconfig */,
				B3640E1765450CAF9FB45A7C /* Pods-AlgorithmsTask.release.xcconfig */,
			);
			name = Pods;
			sourceTree = "<group>";
		};
		D0F6146B21023E49001795A2 = {
			isa = PBXGroup;
			children = (
				D0F6147621023E49001795A2 /* AlgorithmsTask */,
				D0F6147521023E49001795A2 /* Products */,
				CAF9E5546D75B5608120A540 /* Pods */,
				6A3E626EDCEEAF6C90AF50AD /* Frameworks */,
			);
			sourceTree = "<group>";
		};
		D0F6147521023E49001795A2 /* Products */ = {
			isa = PBXGroup;
			children = (
				D0F6147421023E49001795A2 /* AlgorithmsTask.app */,
			);
			name = Products;
			sourceTree = "<group>";
		};
		D0F6147621023E49001795A2 /* AlgorithmsTask */ = {
			isa = PBXGroup;
			children = (
				D0F6148B21024EE6001795A2 /* ViewControllers */,
				D0F6148A21024EDF001795A2 /* View */,
				D0F6148921024ED8001795A2 /* Model */,
				D0F614A821025E61001795A2 /* HelperClasses */,
				D0F6149E21025889001795A2 /* Info.plist */,
				D0F6147B21023E49001795A2 /* Main.storyboard */,
				D0F6147E21023E49001795A2 /* Assets.xcassets */,
				D0F6148021023E49001795A2 /* LaunchScreen.storyboard */,
				D0F6147721023E49001795A2 /* AppDelegate.swift */,
			);
			path = AlgorithmsTask;
			sourceTree = "<group>";
		};
		D0F6148921024ED8001795A2 /* Model */ = {
			isa = PBXGroup;
			children = (
				D0F614932102504F001795A2 /* Album.swift */,
			);
			path = Model;
			sourceTree = "<group>";
		};
		D0F6148A21024EDF001795A2 /* View */ = {
			isa = PBXGroup;
			children = (
				D0F614A121025B04001795A2 /* Cells */,
				D0F614A021025AF4001795A2 /* Utils */,
			);
			path = View;
			sourceTree = "<group>";
		};
		D0F6148B21024EE6001795A2 /* ViewControllers */ = {
			isa = PBXGroup;
			children = (
				D0F6147921023E49001795A2 /* ViewController.swift */,
			);
			path = ViewControllers;
			sourceTree = "<group>";
		};
		D0F614A021025AF4001795A2 /* Utils */ = {
			isa = PBXGroup;
			children = (
				D0F6148D21024FB5001795A2 /* CircularImageView.swift */,
				D0F6148F21024FD3001795A2 /* LoadingView.swift */,
				D0F6149121024FEF001795A2 /* RoundedEdgeView.swift */,
				D0F614AF21026FA7001795A2 /* Toast.swift */,
			);
			path = Utils;
			sourceTree = "<group>";
		};
		D0F614A121025B04001795A2 /* Cells */ = {
			isa = PBXGroup;
			children = (
				D0F614A221025B13001795A2 /* AlbumTableViewCell.swift */,
				D0F614A321025B13001795A2 /* AlbumTableViewCell.xib */,
			);
			path = Cells;
			sourceTree = "<group>";
		};
		D0F614A821025E61001795A2 /* HelperClasses */ = {
			isa = PBXGroup;
			children = (
				D0F614A921025EB6001795A2 /* BaseUrlSession.swift */,
				D0F614AB21025F37001795A2 /* ApiManager.swift */,
				D0F614AD21025F7C001795A2 /* NeededProtocalls.swift */,
			);
			path = HelperClasses;
			sourceTree = "<group>";
		};
/* End PBXGroup section */

/* Begin PBXNativeTarget section */
		D0F6147321023E49001795A2 /* AlgorithmsTask */ = {
			isa = PBXNativeTarget;
			buildConfigurationList = D0F6148621023E49001795A2 /* Build configuration list for PBXNativeTarget "AlgorithmsTask" */;
			buildPhases = (
				E921231A2AF0F952C5066E41 /* [CP] Check Pods Manifest.lock */,
				D0F6147021023E49001795A2 /* Sources */,
				D0F6147121023E49001795A2 /* Frameworks */,
				D0F6147221023E49001795A2 /* Resources */,
				E9F34D132E99704637676E3C /* [CP] Embed Pods Frameworks */,
			);
			buildRules = (
			);
			dependencies = (
			);
			name = AlgorithmsTask;
			productName = AlgorithmsTask;
			productReference = D0F6147421023E49001795A2 /* AlgorithmsTask.app */;
			productType = "com.apple.product-type.application";
		};
/* End PBXNativeTarget section */

/* Begin PBXProject section */
		D0F6146C21023E49001795A2 /* Project object */ = {
			isa = PBXProject;
			attributes = {
				LastSwiftUpdateCheck = 0920;
				LastUpgradeCheck = 0920;
				ORGANIZATIONNAME = "Mena Gamal";
				TargetAttributes = {
					D0F6147321023E49001795A2 = {
						CreatedOnToolsVersion = 9.2;
						ProvisioningStyle = Automatic;
					};
				};
			};
			buildConfigurationList = D0F6146F21023E49001795A2 /* Build configuration list for PBXProject "AlgorithmsTask" */;
			compatibilityVersion = "Xcode 8.0";
			developmentRegion = en;
			hasScannedForEncodings = 0;
			knownRegions = (
				en,
				Base,
			);
			mainGroup = D0F6146B21023E49001795A2;
			productRefGroup = D0F6147521023E49001795A2 /* Products */;
			projectDirPath = "";
			projectRoot = "";
			targets = (
				D0F6147321023E49001795A2 /* AlgorithmsTask */,
			);
		};
/* End PBXProject section */

/* Begin PBXResourcesBuildPhase section */
		D0F6147221023E49001795A2 /* Resources */ = {
			isa = PBXResourcesBuildPhase;
			buildActionMask = 2147483647;
			files = (
				D0F6149F2102588A001795A2 /* Info.plist in Resources */,
				D0F6148221023E49001795A2 /* LaunchScreen.storyboard in Resources */,
				D0F6147F21023E49001795A2 /* Assets.xcassets in Resources */,
				D0F614A521025B13001795A2 /* AlbumTableViewCell.xib in Resources */,
				D0F6147D21023E49001795A2 /* Main.storyboard in Resources */,
			);
			runOnlyForDeploymentPostprocessing = 0;
		};
/* End PBXResourcesBuildPhase section */

/* Begin PBXShellScriptBuildPhase section */
		E921231A2AF0F952C5066E41 /* [CP] Check Pods Manifest.lock */ = {
			isa = PBXShellScriptBuildPhase;
			buildActionMask = 2147483647;
			files = (
			);
			inputPaths = (
				"${PODS_PODFILE_DIR_PATH}/Podfile.lock",
				"${PODS_ROOT}/Manifest.lock",
			);
			name = "[CP] Check Pods Manifest.lock";
			outputPaths = (
				"$(DERIVED_FILE_DIR)/Pods-AlgorithmsTask-checkManifestLockResult.txt",
			);
			runOnlyForDeploymentPostprocessing = 0;
			shellPath = /bin/sh;
			shellScript = "diff \"${PODS_PODFILE_DIR_PATH}/Podfile.lock\" \"${PODS_ROOT}/Manifest.lock\" > /dev/null\nif [ $? != 0 ] ; then\n    # print error to STDERR\n    echo \"error: The sandbox is not in sync with the Podfile.lock. Run 'pod install' or update your CocoaPods installation.\" >&2\n    exit 1\nfi\n# This output is used by Xcode 'outputs' to avoid re-running this script phase.\necho \"SUCCESS\" > \"${SCRIPT_OUTPUT_FILE_0}\"\n";
			showEnvVarsInLog = 0;
		};
		E9F34D132E99704637676E3C /* [CP] Embed Pods Frameworks */ = {
			isa = PBXShellScriptBuildPhase;
			buildActionMask = 2147483647;
			files = (
			);
			inputPaths = (
				"${SRCROOT}/Pods/Target Support Files/Pods-AlgorithmsTask/Pods-AlgorithmsTask-frameworks.sh",
				"${BUILT_PRODUCTS_DIR}/Alamofire/Alamofire.framework",
				"${BUILT_PRODUCTS_DIR}/SDWebImage/SDWebImage.framework",
			);
			name = "[CP] Embed Pods Frameworks";
			outputPaths = (
				"${TARGET_BUILD_DIR}/${FRAMEWORKS_FOLDER_PATH}/Alamofire.framework",
				"${TARGET_BUILD_DIR}/${FRAMEWORKS_FOLDER_PATH}/SDWebImage.framework",
			);
			runOnlyForDeploymentPostprocessing = 0;
			shellPath = /bin/sh;
			shellScript = "\"${SRCROOT}/Pods/Target Support Files/Pods-AlgorithmsTask/Pods-AlgorithmsTask-frameworks.sh\"\n";
			showEnvVarsInLog = 0;
		};
/* End PBXShellScriptBuildPhase section */

/* Begin PBXSourcesBuildPhase section */
		D0F6147021023E49001795A2 /* Sources */ = {
			isa = PBXSourcesBuildPhase;
			buildActionMask = 2147483647;
			files = (
				D0F6147A21023E49001795A2 /* ViewController.swift in Sources */,
				D0F614AC21025F37001795A2 /* ApiManager.swift in Sources */,
				D0F614AA21025EB6001795A2 /* BaseUrlSession.swift in Sources */,
				D0F614AE21025F7C001795A2 /* NeededProtocalls.swift in Sources */,
				D0F6149221024FEF001795A2 /* RoundedEdgeView.swift in Sources */,
				D0F6149021024FD3001795A2 /* LoadingView.swift in Sources */,
				D0F6147821023E49001795A2 /* AppDelegate.swift in Sources */,
				D0F614A421025B13001795A2 /* AlbumTableViewCell.swift in Sources */,
				D0F614B021026FA7001795A2 /* Toast.swift in Sources */,
				D0F6148E21024FB5001795A2 /* CircularImageView.swift in Sources */,
				D0F614942102504F001795A2 /* Album.swift in Sources */,
			);
			runOnlyForDeploymentPostprocessing = 0;
		};
/* End PBXSourcesBuildPhase section */

/* Begin PBXVariantGroup section */
		D0F6147B21023E49001795A2 /* Main.storyboard */ = {
			isa = PBXVariantGroup;
			children = (
				D0F6147C21023E49001795A2 /* Base */,
			);
			name = Main.storyboard;
			sourceTree = "<group>";
		};
		D0F6148021023E49001795A2 /* LaunchScreen.storyboard */ = {
			isa = PBXVariantGroup;
			children = (
				D0F6148121023E49001795A2 /* Base */,
			);
			name = LaunchScreen.storyboard;
			sourceTree = "<group>";
		};
/* End PBXVariantGroup section */

/* Begin XCBuildConfiguration section */
		D0F6148421023E49001795A2 /* Debug */ = {
			isa = XCBuildConfiguration;
			buildSettings = {
				ALWAYS_SEARCH_USER_PATHS = NO;
				CLANG_ANALYZER_NONNULL = YES;
				CLANG_ANALYZER_NUMBER_OBJECT_CONVERSION = YES_AGGRESSIVE;
				CLANG_CXX_LANGUAGE_STANDARD = "gnu++14";
				CLANG_CXX_LIBRARY = "libc++";
				CLANG_ENABLE_MODULES = YES;
				CLANG_ENABLE_OBJC_ARC = YES;
				CLANG_WARN_BLOCK_CAPTURE_AUTORELEASING = YES;
				CLANG_WARN_BOOL_CONVERSION = YES;
				CLANG_WARN_COMMA = YES;
				CLANG_WARN_CONSTANT_CONVERSION = YES;
				CLANG_WARN_DIRECT_OBJC_ISA_USAGE = YES_ERROR;
				CLANG_WARN_DOCUMENTATION_COMMENTS = YES;
				CLANG_WARN_EMPTY_BODY = YES;
				CLANG_WARN_ENUM_CONVERSION = YES;
				CLANG_WARN_INFINITE_RECURSION = YES;
				CLANG_WARN_INT_CONVERSION = YES;
				CLANG_WARN_NON_LITERAL_NULL_CONVERSION = YES;
				CLANG_WARN_OBJC_LITERAL_CONVERSION = YES;
				CLANG_WARN_OBJC_ROOT_CLASS = YES_ERROR;
				CLANG_WARN_RANGE_LOOP_ANALYSIS = YES;
				CLANG_WARN_STRICT_PROTOTYPES = YES;
				CLANG_WARN_SUSPICIOUS_MOVE = YES;
				CLANG_WARN_UNGUARDED_AVAILABILITY = YES_AGGRESSIVE;
				CLANG_WARN_UNREACHABLE_CODE = YES;
				CLANG_WARN__DUPLICATE_METHOD_MATCH = YES;
				CODE_SIGN_IDENTITY = "iPhone Developer";
				COPY_PHASE_STRIP = NO;
				DEBUG_INFORMATION_FORMAT = dwarf;
				ENABLE_STRICT_OBJC_MSGSEND = YES;
				ENABLE_TESTABILITY = YES;
				GCC_C_LANGUAGE_STANDARD = gnu11;
				GCC_DYNAMIC_NO_PIC = NO;
				GCC_NO_COMMON_BLOCKS = YES;
				GCC_OPTIMIZATION_LEVEL = 0;
				GCC_PREPROCESSOR_DEFINITIONS = (
					"DEBUG=1",
					"$(inherited)",
				);
				GCC_WARN_64_TO_32_BIT_CONVERSION = YES;
				GCC_WARN_ABOUT_RETURN_TYPE = YES_ERROR;
				GCC_WARN_UNDECLARED_SELECTOR = YES;
				GCC_WARN_UNINITIALIZED_AUTOS = YES_AGGRESSIVE;
				GCC_WARN_UNUSED_FUNCTION = YES;
				GCC_WARN_UNUSED_VARIABLE = YES;
				IPHONEOS_DEPLOYMENT_TARGET = 11.2;
				MTL_ENABLE_DEBUG_INFO = YES;
				ONLY_ACTIVE_ARCH = YES;
				SDKROOT = iphoneos;
				SWIFT_ACTIVE_COMPILATION_CONDITIONS = DEBUG;
				SWIFT_OPTIMIZATION_LEVEL = "-Onone";
			};
			name = Debug;
		};
		D0F6148521023E49001795A2 /* Release */ = {
			isa = XCBuildConfiguration;
			buildSettings = {
				ALWAYS_SEARCH_USER_PATHS = NO;
				CLANG_ANALYZER_NONNULL = YES;
				CLANG_ANALYZER_NUMBER_OBJECT_CONVERSION = YES_AGGRESSIVE;
				CLANG_CXX_LANGUAGE_STANDARD = "gnu++14";
				CLANG_CXX_LIBRARY = "libc++";
				CLANG_ENABLE_MODULES = YES;
				CLANG_ENABLE_OBJC_ARC = YES;
				CLANG_WARN_BLOCK_CAPTURE_AUTORELEASING = YES;
				CLANG_WARN_BOOL_CONVERSION = YES;
				CLANG_WARN_COMMA = YES;
				CLANG_WARN_CONSTANT_CONVERSION = YES;
				CLANG_WARN_DIRECT_OBJC_ISA_USAGE = YES_ERROR;
				CLANG_WARN_DOCUMENTATION_COMMENTS = YES;
				CLANG_WARN_EMPTY_BODY = YES;
				CLANG_WARN_ENUM_CONVERSION = YES;
				CLANG_WARN_INFINITE_RECURSION = YES;
				CLANG_WARN_INT_CONVERSION = YES;
				CLANG_WARN_NON_LITERAL_NULL_CONVERSION = YES;
				CLANG_WARN_OBJC_LITERAL_CONVERSION = YES;
				CLANG_WARN_OBJC_ROOT_CLASS = YES_ERROR;
				CLANG_WARN_RANGE_LOOP_ANALYSIS = YES;
				CLANG_WARN_STRICT_PROTOTYPES = YES;
				CLANG_WARN_SUSPICIOUS_MOVE = YES;
				CLANG_WARN_UNGUARDED_AVAILABILITY = YES_AGGRESSIVE;
				CLANG_WARN_UNREACHABLE_CODE = YES;
				CLANG_WARN__DUPLICATE_METHOD_MATCH = YES;
				CODE_SIGN_IDENTITY = "iPhone Developer";
				COPY_PHASE_STRIP = NO;
				DEBUG_INFORMATION_FORMAT = "dwarf-with-dsym";
				ENABLE_NS_ASSERTIONS = NO;
				ENABLE_STRICT_OBJC_MSGSEND = YES;
				GCC_C_LANGUAGE_STANDARD = gnu11;
				GCC_NO_COMMON_BLOCKS = YES;
				GCC_WARN_64_TO_32_BIT_CONVERSION = YES;
				GCC_WARN_ABOUT_RETURN_TYPE = YES_ERROR;
				GCC_WARN_UNDECLARED_SELECTOR = YES;
				GCC_WARN_UNINITIALIZED_AUTOS = YES_AGGRESSIVE;
				GCC_WARN_UNUSED_FUNCTION = YES;
				GCC_WARN_UNUSED_VARIABLE = YES;
				IPHONEOS_DEPLOYMENT_TARGET = 11.2;
				MTL_ENABLE_DEBUG_INFO = NO;
				SDKROOT = iphoneos;
				SWIFT_OPTIMIZATION_LEVEL = "-Owholemodule";
				VALIDATE_PRODUCT = YES;
			};
			name = Release;
		};
		D0F6148721023E49001795A2 /* Debug */ = {
			isa = XCBuildConfiguration;
			baseConfigurationReference = 8ED1797D0AA0A14B43F381A0 /* Pods-AlgorithmsTask.debug.xcconfig */;
			buildSettings = {
				ASSETCATALOG_COMPILER_APPICON_NAME = AppIcon;
				CODE_SIGN_STYLE = Automatic;
				INFOPLIST_FILE = AlgorithmsTask/Info.plist;
				LD_RUNPATH_SEARCH_PATHS = "$(inherited) @executable_path/Frameworks";
				PRODUCT_BUNDLE_IDENTIFIER = com.restart.AlgorithmsTask;
				PRODUCT_NAME = "$(TARGET_NAME)";
				SWIFT_VERSION = 4.0;
				TARGETED_DEVICE_FAMILY = "1,2";
			};
			name = Debug;
		};
		D0F6148821023E49001795A2 /* Release */ = {
			isa = XCBuildConfiguration;
			baseConfigurationReference = B3640E1765450CAF9FB45A7C /* Pods-AlgorithmsTask.release.xcconfig */;
			buildSettings = {
				ASSETCATALOG_COMPILER_APPICON_NAME = AppIcon;
				CODE_SIGN_STYLE = Automatic;
				INFOPLIST_FILE = AlgorithmsTask/Info.plist;
				LD_RUNPATH_SEARCH_PATHS = "$(inherited) @executable_path/Frameworks";
				PRODUCT_BUNDLE_IDENTIFIER = com.restart.AlgorithmsTask;
				PRODUCT_NAME = "$(TARGET_NAME)";
				SWIFT_VERSION = 4.0;
				TARGETED_DEVICE_FAMILY = "1,2";
			};
			name = Release;
		};
/* End XCBuildConfiguration section */

/* Begin XCConfigurationList section */
		D0F6146F21023E49001795A2 /* Build configuration list for PBXProject "AlgorithmsTask" */ = {
			isa = XCConfigurationList;
			buildConfigurations = (
				D0F6148421023E49001795A2 /* Debug */,
				D0F6148521023E49001795A2 /* Release */,
			);
			defaultConfigurationIsVisible = 0;
			defaultConfigurationName = Release;
		};
		D0F6148621023E49001795A2 /* Build configuration list for PBXNativeTarget "AlgorithmsTask" */ = {
			isa = XCConfigurationList;
			buildConfigurations = (
				D0F6148721023E49001795A2 /* Debug */,
				D0F6148821023E49001795A2 /* Release */,
			);
			defaultConfigurationIsVisible = 0;
			defaultConfigurationName = Release;
		};
/* End XCConfigurationList section */
	};
	rootObject = D0F6146C21023E49001795A2 /* Project object */;
}
